// !$*UTF8*$!
{
	archiveVersion = 1;
	classes = {
	};
	objectVersion = 56;
	objects = {

/* Begin PBXBuildFile section */
		B8998DBD2B2F61AB00B4A975 /* LandmarksApp.swift in Sources */ = {isa = PBXBuildFile; fileRef = B8998DBC2B2F61AB00B4A975 /* LandmarksApp.swift */; };
		B8998DBF2B2F61AB00B4A975 /* ContentView.swift in Sources */ = {isa = PBXBuildFile; fileRef = B8998DBE2B2F61AB00B4A975 /* ContentView.swift */; };
		B8998DC12B2F61AC00B4A975 /* Assets.xcassets in Resources */ = {isa = PBXBuildFile; fileRef = B8998DC02B2F61AC00B4A975 /* Assets.xcassets */; };
		B8998DC42B2F61AC00B4A975 /* Preview Assets.xcassets in Resources */ = {isa = PBXBuildFile; fileRef = B8998DC32B2F61AC00B4A975 /* Preview Assets.xcassets */; };
		B8998DCE2B2F61AD00B4A975 /* LandmarksTests.swift in Sources */ = {isa = PBXBuildFile; fileRef = B8998DCD2B2F61AD00B4A975 /* LandmarksTests.swift */; };
		B8998DD82B2F61AD00B4A975 /* LandmarksUITests.swift in Sources */ = {isa = PBXBuildFile; fileRef = B8998DD72B2F61AD00B4A975 /* LandmarksUITests.swift */; };
		B8998DDA2B2F61AD00B4A975 /* LandmarksUITestsLaunchTests.swift in Sources */ = {isa = PBXBuildFile; fileRef = B8998DD92B2F61AD00B4A975 /* LandmarksUITestsLaunchTests.swift */; };
		B8998DE72B2F6C8000B4A975 /* CircleImage.swift in Sources */ = {isa = PBXBuildFile; fileRef = B8998DE62B2F6C8000B4A975 /* CircleImage.swift */; };
		B8998DE92B2F6D0800B4A975 /* MapView.swift in Sources */ = {isa = PBXBuildFile; fileRef = B8998DE82B2F6D0800B4A975 /* MapView.swift */; };
		B8998DEB2B2F73AE00B4A975 /* landmarkData.json in Resources */ = {isa = PBXBuildFile; fileRef = B8998DEA2B2F73AE00B4A975 /* landmarkData.json */; };
		B8998DED2B2F73C600B4A975 /* Landmark.swift in Sources */ = {isa = PBXBuildFile; fileRef = B8998DEC2B2F73C600B4A975 /* Landmark.swift */; };
		B8998DEF2B2F75EC00B4A975 /* ModelData.swift in Sources */ = {isa = PBXBuildFile; fileRef = B8998DEE2B2F75EC00B4A975 /* ModelData.swift */; };
		B8998DF22B2FAC4A00B4A975 /* LandmarkRow.swift in Sources */ = {isa = PBXBuildFile; fileRef = B8998DF12B2FAC4A00B4A975 /* LandmarkRow.swift */; };
		B8998DF42B2FAD8200B4A975 /* LandmarkList.swift in Sources */ = {isa = PBXBuildFile; fileRef = B8998DF32B2FAD8200B4A975 /* LandmarkList.swift */; };
		B8998DF62B2FAE9F00B4A975 /* LandmarkDetail.swift in Sources */ = {isa = PBXBuildFile; fileRef = B8998DF52B2FAE9F00B4A975 /* LandmarkDetail.swift */; };
		B8998DF82B2FDA8F00B4A975 /* FavoriteButton.swift in Sources */ = {isa = PBXBuildFile; fileRef = B8998DF72B2FDA8F00B4A975 /* FavoriteButton.swift */; };
/* End PBXBuildFile section */

/* Begin PBXContainerItemProxy section */
		B8998DCA2B2F61AD00B4A975 /* PBXContainerItemProxy */ = {
			isa = PBXContainerItemProxy;
			containerPortal = B8998DB12B2F61AB00B4A975 /* Project object */;
			proxyType = 1;
			remoteGlobalIDString = B8998DB82B2F61AB00B4A975;
			remoteInfo = Landmarks;
		};
		B8998DD42B2F61AD00B4A975 /* PBXContainerItemProxy */ = {
			isa = PBXContainerItemProxy;
			containerPortal = B8998DB12B2F61AB00B4A975 /* Project object */;
			proxyType = 1;
			remoteGlobalIDString = B8998DB82B2F61AB00B4A975;
			remoteInfo = Landmarks;
		};
/* End PBXContainerItemProxy section */

/* Begin PBXFileReference section */
		B8998DB92B2F61AB00B4A975 /* Landmarks.app */ = {isa = PBXFileReference; explicitFileType = wrapper.application; includeInIndex = 0; path = Landmarks.app; sourceTree = BUILT_PRODUCTS_DIR; };
		B8998DBC2B2F61AB00B4A975 /* LandmarksApp.swift */ = {isa = PBXFileReference; lastKnownFileType = sourcecode.swift; path = LandmarksApp.swift; sourceTree = "<group>"; };
		B8998DBE2B2F61AB00B4A975 /* ContentView.swift */ = {isa = PBXFileReference; lastKnownFileType = sourcecode.swift; path = ContentView.swift; sourceTree = "<group>"; };
		B8998DC02B2F61AC00B4A975 /* Assets.xcassets */ = {isa = PBXFileReference; lastKnownFileType = folder.assetcatalog; path = Assets.xcassets; sourceTree = "<group>"; };
		B8998DC32B2F61AC00B4A975 /* Preview Assets.xcassets */ = {isa = PBXFileReference; lastKnownFileType = folder.assetcatalog; path = "Preview Assets.xcassets"; sourceTree = "<group>"; };
		B8998DC92B2F61AD00B4A975 /* LandmarksTests.xctest */ = {isa = PBXFileReference; explicitFileType = wrapper.cfbundle; includeInIndex = 0; path = LandmarksTests.xctest; sourceTree = BUILT_PRODUCTS_DIR; };
		B8998DCD2B2F61AD00B4A975 /* LandmarksTests.swift */ = {isa = PBXFileReference; lastKnownFileType = sourcecode.swift; path = LandmarksTests.swift; sourceTree = "<group>"; };
		B8998DD32B2F61AD00B4A975 /* LandmarksUITests.xctest */ = {isa = PBXFileReference; explicitFileType = wrapper.cfbundle; includeInIndex = 0; path = LandmarksUITests.xctest; sourceTree = BUILT_PRODUCTS_DIR; };
		B8998DD72B2F61AD00B4A975 /* LandmarksUITests.swift */ = {isa = PBXFileReference; lastKnownFileType = sourcecode.swift; path = LandmarksUITests.swift; sourceTree = "<group>"; };
		B8998DD92B2F61AD00B4A975 /* LandmarksUITestsLaunchTests.swift */ = {isa = PBXFileReference; lastKnownFileType = sourcecode.swift; path = LandmarksUITestsLaunchTests.swift; sourceTree = "<group>"; };
		B8998DE62B2F6C8000B4A975 /* CircleImage.swift */ = {isa = PBXFileReference; lastKnownFileType = sourcecode.swift; path = CircleImage.swift; sourceTree = "<group>"; };
		B8998DE82B2F6D0800B4A975 /* MapView.swift */ = {isa = PBXFileReference; lastKnownFileType = sourcecode.swift; path = MapView.swift; sourceTree = "<group>"; };
		B8998DEA2B2F73AE00B4A975 /* landmarkData.json */ = {isa = PBXFileReference; fileEncoding = 4; lastKnownFileType = text.json; path = landmarkData.json; sourceTree = "<group>"; };
		B8998DEC2B2F73C600B4A975 /* Landmark.swift */ = {isa = PBXFileReference; lastKnownFileType = sourcecode.swift; path = Landmark.swift; sourceTree = "<group>"; };
		B8998DEE2B2F75EC00B4A975 /* ModelData.swift */ = {isa = PBXFileReference; lastKnownFileType = sourcecode.swift; path = ModelData.swift; sourceTree = "<group>"; };
		B8998DF12B2FAC4A00B4A975 /* LandmarkRow.swift */ = {isa = PBXFileReference; lastKnownFileType = sourcecode.swift; path = LandmarkRow.swift; sourceTree = "<group>"; };
		B8998DF32B2FAD8200B4A975 /* LandmarkList.swift */ = {isa = PBXFileReference; lastKnownFileType = sourcecode.swift; path = LandmarkList.swift; sourceTree = "<group>"; };
		B8998DF52B2FAE9F00B4A975 /* LandmarkDetail.swift */ = {isa = PBXFileReference; lastKnownFileType = sourcecode.swift; path = LandmarkDetail.swift; sourceTree = "<group>"; };
		B8998DF72B2FDA8F00B4A975 /* FavoriteButton.swift */ = {isa = PBXFileReference; lastKnownFileType = sourcecode.swift; path = FavoriteButton.swift; sourceTree = "<group>"; };
/* End PBXFileReference section */

/* Begin PBXFrameworksBuildPhase section */
		B8998DB62B2F61AB00B4A975 /* Frameworks */ = {
			isa = PBXFrameworksBuildPhase;
			buildActionMask = 2147483647;
			files = (
			);
			runOnlyForDeploymentPostprocessing = 0;
		};
		B8998DC62B2F61AD00B4A975 /* Frameworks */ = {
			isa = PBXFrameworksBuildPhase;
			buildActionMask = 2147483647;
			files = (
			);
			runOnlyForDeploymentPostprocessing = 0;
		};
		B8998DD02B2F61AD00B4A975 /* Frameworks */ = {
			isa = PBXFrameworksBuildPhase;
			buildActionMask = 2147483647;
			files = (
			);
			runOnlyForDeploymentPostprocessing = 0;
		};
/* End PBXFrameworksBuildPhase section */

/* Begin PBXGroup section */
		B8998DB02B2F61AB00B4A975 = {
			isa = PBXGroup;
			children = (
				B8998DBB2B2F61AB00B4A975 /* Landmarks */,
				B8998DCC2B2F61AD00B4A975 /* LandmarksTests */,
				B8998DD62B2F61AD00B4A975 /* LandmarksUITests */,
				B8998DBA2B2F61AB00B4A975 /* Products */,
			);
			sourceTree = "<group>";
		};
		B8998DBA2B2F61AB00B4A975 /* Products */ = {
			isa = PBXGroup;
			children = (
				B8998DB92B2F61AB00B4A975 /* Landmarks.app */,
				B8998DC92B2F61AD00B4A975 /* LandmarksTests.xctest */,
				B8998DD32B2F61AD00B4A975 /* LandmarksUITests.xctest */,
			);
			name = Products;
			sourceTree = "<group>";
		};
		B8998DBB2B2F61AB00B4A975 /* Landmarks */ = {
			isa = PBXGroup;
			children = (
				B8998DF02B2F76A900B4A975 /* Views */,
				B8998DEA2B2F73AE00B4A975 /* landmarkData.json */,
				B8998DEC2B2F73C600B4A975 /* Landmark.swift */,
				B8998DBC2B2F61AB00B4A975 /* LandmarksApp.swift */,
				B8998DEE2B2F75EC00B4A975 /* ModelData.swift */,
				B8998DC02B2F61AC00B4A975 /* Assets.xcassets */,
				B8998DC22B2F61AC00B4A975 /* Preview Content */,
			);
			path = Landmarks;
			sourceTree = "<group>";
		};
		B8998DC22B2F61AC00B4A975 /* Preview Content */ = {
			isa = PBXGroup;
			children = (
				B8998DC32B2F61AC00B4A975 /* Preview Assets.xcassets */,
			);
			path = "Preview Content";
			sourceTree = "<group>";
		};
		B8998DCC2B2F61AD00B4A975 /* LandmarksTests */ = {
			isa = PBXGroup;
			children = (
				B8998DCD2B2F61AD00B4A975 /* LandmarksTests.swift */,
			);
			path = LandmarksTests;
			sourceTree = "<group>";
		};
		B8998DD62B2F61AD00B4A975 /* LandmarksUITests */ = {
			isa = PBXGroup;
			children = (
				B8998DD72B2F61AD00B4A975 /* LandmarksUITests.swift */,
				B8998DD92B2F61AD00B4A975 /* LandmarksUITestsLaunchTests.swift */,
			);
			path = LandmarksUITests;
			sourceTree = "<group>";
		};
		B8998DF02B2F76A900B4A975 /* Views */ = {
			isa = PBXGroup;
			children = (
				B8998DBE2B2F61AB00B4A975 /* ContentView.swift */,
				B8998DFA2B2FE41900B4A975 /* Helpers */,
				B8998DF92B2FE40D00B4A975 /* Landmarks */,
			);
			path = Views;
			sourceTree = "<group>";
		};
		B8998DF92B2FE40D00B4A975 /* Landmarks */ = {
			isa = PBXGroup;
			children = (
				B8998DF12B2FAC4A00B4A975 /* LandmarkRow.swift */,
				B8998DF32B2FAD8200B4A975 /* LandmarkList.swift */,
				B8998DF52B2FAE9F00B4A975 /* LandmarkDetail.swift */,
			);
			path = Landmarks;
			sourceTree = "<group>";
		};
		B8998DFA2B2FE41900B4A975 /* Helpers */ = {
			isa = PBXGroup;
			children = (
				B8998DE62B2F6C8000B4A975 /* CircleImage.swift */,
				B8998DE82B2F6D0800B4A975 /* MapView.swift */,
				B8998DF72B2FDA8F00B4A975 /* FavoriteButton.swift */,
			);
			path = Helpers;
			sourceTree = "<group>";
		};
/* End PBXGroup section */

/* Begin PBXNativeTarget section */
		B8998DB82B2F61AB00B4A975 /* Landmarks */ = {
			isa = PBXNativeTarget;
			buildConfigurationList = B8998DDD2B2F61AD00B4A975 /* Build configuration list for PBXNativeTarget "Landmarks" */;
			buildPhases = (
				B8998DB52B2F61AB00B4A975 /* Sources */,
				B8998DB62B2F61AB00B4A975 /* Frameworks */,
				B8998DB72B2F61AB00B4A975 /* Resources */,
			);
			buildRules = (
			);
			dependencies = (
			);
			name = Landmarks;
			productName = Landmarks;
			productReference = B8998DB92B2F61AB00B4A975 /* Landmarks.app */;
			productType = "com.apple.product-type.application";
		};
		B8998DC82B2F61AD00B4A975 /* LandmarksTests */ = {
			isa = PBXNativeTarget;
			buildConfigurationList = B8998DE02B2F61AD00B4A975 /* Build configuration list for PBXNativeTarget "LandmarksTests" */;
			buildPhases = (
				B8998DC52B2F61AD00B4A975 /* Sources */,
				B8998DC62B2F61AD00B4A975 /* Frameworks */,
				B8998DC72B2F61AD00B4A975 /* Resources */,
			);
			buildRules = (
			);
			dependencies = (
				B8998DCB2B2F61AD00B4A975 /* PBXTargetDependency */,
			);
			name = LandmarksTests;
			productName = LandmarksTests;
			productReference = B8998DC92B2F61AD00B4A975 /* LandmarksTests.xctest */;
			productType = "com.apple.product-type.bundle.unit-test";
		};
		B8998DD22B2F61AD00B4A975 /* LandmarksUITests */ = {
			isa = PBXNativeTarget;
			buildConfigurationList = B8998DE32B2F61AD00B4A975 /* Build configuration list for PBXNativeTarget "LandmarksUITests" */;
			buildPhases = (
				B8998DCF2B2F61AD00B4A975 /* Sources */,
				B8998DD02B2F61AD00B4A975 /* Frameworks */,
				B8998DD12B2F61AD00B4A975 /* Resources */,
			);
			buildRules = (
			);
			dependencies = (
				B8998DD52B2F61AD00B4A975 /* PBXTargetDependency */,
			);
			name = LandmarksUITests;
			productName = LandmarksUITests;
			productReference = B8998DD32B2F61AD00B4A975 /* LandmarksUITests.xctest */;
			productType = "com.apple.product-type.bundle.ui-testing";
		};
/* End PBXNativeTarget section */

/* Begin PBXProject section */
		B8998DB12B2F61AB00B4A975 /* Project object */ = {
			isa = PBXProject;
			attributes = {
				BuildIndependentTargetsInParallel = 1;
				LastSwiftUpdateCheck = 1510;
				LastUpgradeCheck = 1510;
				TargetAttributes = {
					B8998DB82B2F61AB00B4A975 = {
						CreatedOnToolsVersion = 15.1;
					};
					B8998DC82B2F61AD00B4A975 = {
						CreatedOnToolsVersion = 15.1;
						TestTargetID = B8998DB82B2F61AB00B4A975;
					};
					B8998DD22B2F61AD00B4A975 = {
						CreatedOnToolsVersion = 15.1;
						TestTargetID = B8998DB82B2F61AB00B4A975;
					};
				};
			};
			buildConfigurationList = B8998DB42B2F61AB00B4A975 /* Build configuration list for PBXProject "Landmarks" */;
			compatibilityVersion = "Xcode 14.0";
			developmentRegion = en;
			hasScannedForEncodings = 0;
			knownRegions = (
				en,
				Base,
			);
			mainGroup = B8998DB02B2F61AB00B4A975;
			productRefGroup = B8998DBA2B2F61AB00B4A975 /* Products */;
			projectDirPath = "";
			projectRoot = "";
			targets = (
				B8998DB82B2F61AB00B4A975 /* Landmarks */,
				B8998DC82B2F61AD00B4A975 /* LandmarksTests */,
				B8998DD22B2F61AD00B4A975 /* LandmarksUITests */,
			);
		};
/* End PBXProject section */

/* Begin PBXResourcesBuildPhase section */
		B8998DB72B2F61AB00B4A975 /* Resources */ = {
			isa = PBXResourcesBuildPhase;
			buildActionMask = 2147483647;
			files = (
				B8998DC42B2F61AC00B4A975 /* Preview Assets.xcassets in Resources */,
				B8998DC12B2F61AC00B4A975 /* Assets.xcassets in Resources */,
				B8998DEB2B2F73AE00B4A975 /* landmarkData.json in Resources */,
			);
			runOnlyForDeploymentPostprocessing = 0;
		};
		B8998DC72B2F61AD00B4A975 /* Resources */ = {
			isa = PBXResourcesBuildPhase;
			buildActionMask = 2147483647;
			files = (
			);
			runOnlyForDeploymentPostprocessing = 0;
		};
		B8998DD12B2F61AD00B4A975 /* Resources */ = {
			isa = PBXResourcesBuildPhase;
			buildActionMask = 2147483647;
			files = (
			);
			runOnlyForDeploymentPostprocessing = 0;
		};
/* End PBXResourcesBuildPhase section */

/* Begin PBXSourcesBuildPhase section */
		B8998DB52B2F61AB00B4A975 /* Sources */ = {
			isa = PBXSourcesBuildPhase;
			buildActionMask = 2147483647;
			files = (
				B8998DBF2B2F61AB00B4A975 /* ContentView.swift in Sources */,
				B8998DE92B2F6D0800B4A975 /* MapView.swift in Sources */,
				B8998DBD2B2F61AB00B4A975 /* LandmarksApp.swift in Sources */,
				B8998DF82B2FDA8F00B4A975 /* FavoriteButton.swift in Sources */,
				B8998DF42B2FAD8200B4A975 /* LandmarkList.swift in Sources */,
				B8998DF62B2FAE9F00B4A975 /* LandmarkDetail.swift in Sources */,
				B8998DE72B2F6C8000B4A975 /* CircleImage.swift in Sources */,
				B8998DED2B2F73C600B4A975 /* Landmark.swift in Sources */,
				B8998DF22B2FAC4A00B4A975 /* LandmarkRow.swift in Sources */,
				B8998DEF2B2F75EC00B4A975 /* ModelData.swift in Sources */,
			);
			runOnlyForDeploymentPostprocessing = 0;
		};
		B8998DC52B2F61AD00B4A975 /* Sources */ = {
			isa = PBXSourcesBuildPhase;
			buildActionMask = 2147483647;
			files = (
				B8998DCE2B2F61AD00B4A975 /* LandmarksTests.swift in Sources */,
			);
			runOnlyForDeploymentPostprocessing = 0;
		};
		B8998DCF2B2F61AD00B4A975 /* Sources */ = {
			isa = PBXSourcesBuildPhase;
			buildActionMask = 2147483647;
			files = (
				B8998DDA2B2F61AD00B4A975 /* LandmarksUITestsLaunchTests.swift in Sources */,
				B8998DD82B2F61AD00B4A975 /* LandmarksUITests.swift in Sources */,
			);
			runOnlyForDeploymentPostprocessing = 0;
		};
/* End PBXSourcesBuildPhase section */

/* Begin PBXTargetDependency section */
		B8998DCB2B2F61AD00B4A975 /* PBXTargetDependency */ = {
			isa = PBXTargetDependency;
			target = B8998DB82B2F61AB00B4A975 /* Landmarks */;
			targetProxy = B8998DCA2B2F61AD00B4A975 /* PBXContainerItemProxy */;
		};
		B8998DD52B2F61AD00B4A975 /* PBXTargetDependency */ = {
			isa = PBXTargetDependency;
			target = B8998DB82B2F61AB00B4A975 /* Landmarks */;
			targetProxy = B8998DD42B2F61AD00B4A975 /* PBXContainerItemProxy */;
		};
/* End PBXTargetDependency section */

/* Begin XCBuildConfiguration section */
		B8998DDB2B2F61AD00B4A975 /* Debug */ = {
			isa = XCBuildConfiguration;
			buildSettings = {
				ALWAYS_SEARCH_USER_PATHS = NO;
				ASSETCATALOG_COMPILER_GENERATE_SWIFT_ASSET_SYMBOL_EXTENSIONS = YES;
				CLANG_ANALYZER_NONNULL = YES;
				CLANG_ANALYZER_NUMBER_OBJECT_CONVERSION = YES_AGGRESSIVE;
				CLANG_CXX_LANGUAGE_STANDARD = "gnu++20";
				CLANG_ENABLE_MODULES = YES;
				CLANG_ENABLE_OBJC_ARC = YES;
				CLANG_ENABLE_OBJC_WEAK = YES;
				CLANG_WARN_BLOCK_CAPTURE_AUTORELEASING = YES;
				CLANG_WARN_BOOL_CONVERSION = YES;
				CLANG_WARN_COMMA = YES;
				CLANG_WARN_CONSTANT_CONVERSION = YES;
				CLANG_WARN_DEPRECATED_OBJC_IMPLEMENTATIONS = YES;
				CLANG_WARN_DIRECT_OBJC_ISA_USAGE = YES_ERROR;
				CLANG_WARN_DOCUMENTATION_COMMENTS = YES;
				CLANG_WARN_EMPTY_BODY = YES;
				CLANG_WARN_ENUM_CONVERSION = YES;
				CLANG_WARN_INFINITE_RECURSION = YES;
				CLANG_WARN_INT_CONVERSION = YES;
				CLANG_WARN_NON_LITERAL_NULL_CONVERSION = YES;
				CLANG_WARN_OBJC_IMPLICIT_RETAIN_SELF = YES;
				CLANG_WARN_OBJC_LITERAL_CONVERSION = YES;
				CLANG_WARN_OBJC_ROOT_CLASS = YES_ERROR;
				CLANG_WARN_QUOTED_INCLUDE_IN_FRAMEWORK_HEADER = YES;
				CLANG_WARN_RANGE_LOOP_ANALYSIS = YES;
				CLANG_WARN_STRICT_PROTOTYPES = YES;
				CLANG_WARN_SUSPICIOUS_MOVE = YES;
				CLANG_WARN_UNGUARDED_AVAILABILITY = YES_AGGRESSIVE;
				CLANG_WARN_UNREACHABLE_CODE = YES;
				CLANG_WARN__DUPLICATE_METHOD_MATCH = YES;
				COPY_PHASE_STRIP = NO;
				DEBUG_INFORMATION_FORMAT = dwarf;
				ENABLE_STRICT_OBJC_MSGSEND = YES;
				ENABLE_TESTABILITY = YES;
				ENABLE_USER_SCRIPT_SANDBOXING = YES;
				GCC_C_LANGUAGE_STANDARD = gnu17;
				GCC_DYNAMIC_NO_PIC = NO;
				GCC_NO_COMMON_BLOCKS = YES;
				GCC_OPTIMIZATION_LEVEL = 0;
				GCC_PREPROCESSOR_DEFINITIONS = (
					"DEBUG=1",
					"$(inherited)",
				);
				GCC_WARN_64_TO_32_BIT_CONVERSION = YES;
				GCC_WARN_ABOUT_RETURN_TYPE = YES_ERROR;
				GCC_WARN_UNDECLARED_SELECTOR = YES;
				GCC_WARN_UNINITIALIZED_AUTOS = YES_AGGRESSIVE;
				GCC_WARN_UNUSED_FUNCTION = YES;
				GCC_WARN_UNUSED_VARIABLE = YES;
				IPHONEOS_DEPLOYMENT_TARGET = 17.2;
				LOCALIZATION_PREFERS_STRING_CATALOGS = YES;
				MTL_ENABLE_DEBUG_INFO = INCLUDE_SOURCE;
				MTL_FAST_MATH = YES;
				ONLY_ACTIVE_ARCH = YES;
				SDKROOT = iphoneos;
				SWIFT_ACTIVE_COMPILATION_CONDITIONS = "DEBUG $(inherited)";
				SWIFT_OPTIMIZATION_LEVEL = "-Onone";
			};
			name = Debug;
		};
		B8998DDC2B2F61AD00B4A975 /* Release */ = {
			isa = XCBuildConfiguration;
			buildSettings = {
				ALWAYS_SEARCH_USER_PATHS = NO;
				ASSETCATALOG_COMPILER_GENERATE_SWIFT_ASSET_SYMBOL_EXTENSIONS = YES;
				CLANG_ANALYZER_NONNULL = YES;
				CLANG_ANALYZER_NUMBER_OBJECT_CONVERSION = YES_AGGRESSIVE;
				CLANG_CXX_LANGUAGE_STANDARD = "gnu++20";
				CLANG_ENABLE_MODULES = YES;
				CLANG_ENABLE_OBJC_ARC = YES;
				CLANG_ENABLE_OBJC_WEAK = YES;
				CLANG_WARN_BLOCK_CAPTURE_AUTORELEASING = YES;
				CLANG_WARN_BOOL_CONVERSION = YES;
				CLANG_WARN_COMMA = YES;
				CLANG_WARN_CONSTANT_CONVERSION = YES;
				CLANG_WARN_DEPRECATED_OBJC_IMPLEMENTATIONS = YES;
				CLANG_WARN_DIRECT_OBJC_ISA_USAGE = YES_ERROR;
				CLANG_WARN_DOCUMENTATION_COMMENTS = YES;
				CLANG_WARN_EMPTY_BODY = YES;
				CLANG_WARN_ENUM_CONVERSION = YES;
				CLANG_WARN_INFINITE_RECURSION = YES;
				CLANG_WARN_INT_CONVERSION = YES;
				CLANG_WARN_NON_LITERAL_NULL_CONVERSION = YES;
				CLANG_WARN_OBJC_IMPLICIT_RETAIN_SELF = YES;
				CLANG_WARN_OBJC_LITERAL_CONVERSION = YES;
				CLANG_WARN_OBJC_ROOT_CLASS = YES_ERROR;
				CLANG_WARN_QUOTED_INCLUDE_IN_FRAMEWORK_HEADER = YES;
				CLANG_WARN_RANGE_LOOP_ANALYSIS = YES;
				CLANG_WARN_STRICT_PROTOTYPES = YES;
				CLANG_WARN_SUSPICIOUS_MOVE = YES;
				CLANG_WARN_UNGUARDED_AVAILABILITY = YES_AGGRESSIVE;
				CLANG_WARN_UNREACHABLE_CODE = YES;
				CLANG_WARN__DUPLICATE_METHOD_MATCH = YES;
				COPY_PHASE_STRIP = NO;
				DEBUG_INFORMATION_FORMAT = "dwarf-with-dsym";
				ENABLE_NS_ASSERTIONS = NO;
				ENABLE_STRICT_OBJC_MSGSEND = YES;
				ENABLE_USER_SCRIPT_SANDBOXING = YES;
				GCC_C_LANGUAGE_STANDARD = gnu17;
				GCC_NO_COMMON_BLOCKS = YES;
				GCC_WARN_64_TO_32_BIT_CONVERSION = YES;
				GCC_WARN_ABOUT_RETURN_TYPE = YES_ERROR;
				GCC_WARN_UNDECLARED_SELECTOR = YES;
				GCC_WARN_UNINITIALIZED_AUTOS = YES_AGGRESSIVE;
				GCC_WARN_UNUSED_FUNCTION = YES;
				GCC_WARN_UNUSED_VARIABLE = YES;
				IPHONEOS_DEPLOYMENT_TARGET = 17.2;
				LOCALIZATION_PREFERS_STRING_CATALOGS = YES;
				MTL_ENABLE_DEBUG_INFO = NO;
				MTL_FAST_MATH = YES;
				SDKROOT = iphoneos;
				SWIFT_COMPILATION_MODE = wholemodule;
				VALIDATE_PRODUCT = YES;
			};
			name = Release;
		};
		B8998DDE2B2F61AD00B4A975 /* Debug */ = {
			isa = XCBuildConfiguration;
			buildSettings = {
				ASSETCATALOG_COMPILER_APPICON_NAME = AppIcon;
				ASSETCATALOG_COMPILER_GLOBAL_ACCENT_COLOR_NAME = AccentColor;
				CODE_SIGN_STYLE = Automatic;
				CURRENT_PROJECT_VERSION = 1;
				DEVELOPMENT_ASSET_PATHS = "\"Landmarks/Preview Content\"";
				ENABLE_PREVIEWS = YES;
				GENERATE_INFOPLIST_FILE = YES;
				INFOPLIST_KEY_UIApplicationSceneManifest_Generation = YES;
				INFOPLIST_KEY_UIApplicationSupportsIndirectInputEvents = YES;
				INFOPLIST_KEY_UILaunchScreen_Generation = YES;
				INFOPLIST_KEY_UISupportedInterfaceOrientations_iPad = "UIInterfaceOrientationPortrait UIInterfaceOrientationPortraitUpsideDown UIInterfaceOrientationLandscapeLeft UIInterfaceOrientationLandscapeRight";
				INFOPLIST_KEY_UISupportedInterfaceOrientations_iPhone = "UIInterfaceOrientationPortrait UIInterfaceOrientationLandscapeLeft UIInterfaceOrientationLandscapeRight";
				LD_RUNPATH_SEARCH_PATHS = (
					"$(inherited)",
					"@executable_path/Frameworks",
				);
				MARKETING_VERSION = 1.0;
				PRODUCT_BUNDLE_IDENTIFIER = sully.Landmarks;
				PRODUCT_NAME = "$(TARGET_NAME)";
				SWIFT_EMIT_LOC_STRINGS = YES;
				SWIFT_VERSION = 5.0;
				TARGETED_DEVICE_FAMILY = "1,2";
			};
			name = Debug;
		};
		B8998DDF2B2F61AD00B4A975 /* Release */ = {
			isa = XCBuildConfiguration;
			buildSettings = {
				ASSETCATALOG_COMPILER_APPICON_NAME = AppIcon;
				ASSETCATALOG_COMPILER_GLOBAL_ACCENT_COLOR_NAME = AccentColor;
				CODE_SIGN_STYLE = Automatic;
				CURRENT_PROJECT_VERSION = 1;
				DEVELOPMENT_ASSET_PATHS = "\"Landmarks/Preview Content\"";
				ENABLE_PREVIEWS = YES;
				GENERATE_INFOPLIST_FILE = YES;
				INFOPLIST_KEY_UIApplicationSceneManifest_Generation = YES;
				INFOPLIST_KEY_UIApplicationSupportsIndirectInputEvents = YES;
				INFOPLIST_KEY_UILaunchScreen_Generation = YES;
				INFOPLIST_KEY_UISupportedInterfaceOrientations_iPad = "UIInterfaceOrientationPortrait UIInterfaceOrientationPortraitUpsideDown UIInterfaceOrientationLandscapeLeft UIInterfaceOrientationLandscapeRight";
				INFOPLIST_KEY_UISupportedInterfaceOrientations_iPhone = "UIInterfaceOrientationPortrait UIInterfaceOrientationLandscapeLeft UIInterfaceOrientationLandscapeRight";
				LD_RUNPATH_SEARCH_PATHS = (
					"$(inherited)",
					"@executable_path/Frameworks",
				);
				MARKETING_VERSION = 1.0;
				PRODUCT_BUNDLE_IDENTIFIER = sully.Landmarks;
				PRODUCT_NAME = "$(TARGET_NAME)";
				SWIFT_EMIT_LOC_STRINGS = YES;
				SWIFT_VERSION = 5.0;
				TARGETED_DEVICE_FAMILY = "1,2";
			};
			name = Release;
		};
		B8998DE12B2F61AD00B4A975 /* Debug */ = {
			isa = XCBuildConfiguration;
			buildSettings = {
				ALWAYS_EMBED_SWIFT_STANDARD_LIBRARIES = YES;
				BUNDLE_LOADER = "$(TEST_HOST)";
				CODE_SIGN_STYLE = Automatic;
				CURRENT_PROJECT_VERSION = 1;
				GENERATE_INFOPLIST_FILE = YES;
				IPHONEOS_DEPLOYMENT_TARGET = 17.2;
				MARKETING_VERSION = 1.0;
				PRODUCT_BUNDLE_IDENTIFIER = sully.LandmarksTests;
				PRODUCT_NAME = "$(TARGET_NAME)";
				SWIFT_EMIT_LOC_STRINGS = NO;
				SWIFT_VERSION = 5.0;
				TARGETED_DEVICE_FAMILY = "1,2";
				TEST_HOST = "$(BUILT_PRODUCTS_DIR)/Landmarks.app/$(BUNDLE_EXECUTABLE_FOLDER_PATH)/Landmarks";
			};
			name = Debug;
		};
		B8998DE22B2F61AD00B4A975 /* Release */ = {
			isa = XCBuildConfiguration;
			buildSettings = {
				ALWAYS_EMBED_SWIFT_STANDARD_LIBRARIES = YES;
				BUNDLE_LOADER = "$(TEST_HOST)";
				CODE_SIGN_STYLE = Automatic;
				CURRENT_PROJECT_VERSION = 1;
				GENERATE_INFOPLIST_FILE = YES;
				IPHONEOS_DEPLOYMENT_TARGET = 17.2;
				MARKETING_VERSION = 1.0;
				PRODUCT_BUNDLE_IDENTIFIER = sully.LandmarksTests;
				PRODUCT_NAME = "$(TARGET_NAME)";
				SWIFT_EMIT_LOC_STRINGS = NO;
				SWIFT_VERSION = 5.0;
				TARGETED_DEVICE_FAMILY = "1,2";
				TEST_HOST = "$(BUILT_PRODUCTS_DIR)/Landmarks.app/$(BUNDLE_EXECUTABLE_FOLDER_PATH)/Landmarks";
			};
			name = Release;
		};
		B8998DE42B2F61AD00B4A975 /* Debug */ = {
			isa = XCBuildConfiguration;
			buildSettings = {
				ALWAYS_EMBED_SWIFT_STANDARD_LIBRARIES = YES;
				CODE_SIGN_STYLE = Automatic;
				CURRENT_PROJECT_VERSION = 1;
				GENERATE_INFOPLIST_FILE = YES;
				MARKETING_VERSION = 1.0;
				PRODUCT_BUNDLE_IDENTIFIER = sully.LandmarksUITests;
				PRODUCT_NAME = "$(TARGET_NAME)";
				SWIFT_EMIT_LOC_STRINGS = NO;
				SWIFT_VERSION = 5.0;
				TARGETED_DEVICE_FAMILY = "1,2";
				TEST_TARGET_NAME = Landmarks;
			};
			name = Debug;
		};
		B8998DE52B2F61AD00B4A975 /* Release */ = {
			isa = XCBuildConfiguration;
			buildSettings = {
				ALWAYS_EMBED_SWIFT_STANDARD_LIBRARIES = YES;
				CODE_SIGN_STYLE = Automatic;
				CURRENT_PROJECT_VERSION = 1;
				GENERATE_INFOPLIST_FILE = YES;
				MARKETING_VERSION = 1.0;
				PRODUCT_BUNDLE_IDENTIFIER = sully.LandmarksUITests;
				PRODUCT_NAME = "$(TARGET_NAME)";
				SWIFT_EMIT_LOC_STRINGS = NO;
				SWIFT_VERSION = 5.0;
				TARGETED_DEVICE_FAMILY = "1,2";
				TEST_TARGET_NAME = Landmarks;
			};
			name = Release;
		};
/* End XCBuildConfiguration section */

/* Begin XCConfigurationList section */
		B8998DB42B2F61AB00B4A975 /* Build configuration list for PBXProject "Landmarks" */ = {
			isa = XCConfigurationList;
			buildConfigurations = (
				B8998DDB2B2F61AD00B4A975 /* Debug */,
				B8998DDC2B2F61AD00B4A975 /* Release */,
			);
			defaultConfigurationIsVisible = 0;
			defaultConfigurationName = Release;
		};
		B8998DDD2B2F61AD00B4A975 /* Build configuration list for PBXNativeTarget "Landmarks" */ = {
			isa = XCConfigurationList;
			buildConfigurations = (
				B8998DDE2B2F61AD00B4A975 /* Debug */,
				B8998DDF2B2F61AD00B4A975 /* Release */,
			);
			defaultConfigurationIsVisible = 0;
			defaultConfigurationName = Release;
		};
		B8998DE02B2F61AD00B4A975 /* Build configuration list for PBXNativeTarget "LandmarksTests" */ = {
			isa = XCConfigurationList;
			buildConfigurations = (
				B8998DE12B2F61AD00B4A975 /* Debug */,
				B8998DE22B2F61AD00B4A975 /* Release */,
			);
			defaultConfigurationIsVisible = 0;
			defaultConfigurationName = Release;
		};
		B8998DE32B2F61AD00B4A975 /* Build configuration list for PBXNativeTarget "LandmarksUITests" */ = {
			isa = XCConfigurationList;
			buildConfigurations = (
				B8998DE42B2F61AD00B4A975 /* Debug */,
				B8998DE52B2F61AD00B4A975 /* Release */,
			);
			defaultConfigurationIsVisible = 0;
			defaultConfigurationName = Release;
		};
/* End XCConfigurationList section */
	};
	rootObject = B8998DB12B2F61AB00B4A975 /* Project object */;
}
